# Auto-generated by dotagents. Do not edit.
version = 1

[skills.dotagents]
source = "getsentry/dotagents"
resolved_url = "https://github.com/getsentry/dotagents.git"
resolved_path = "skills/dotagents"
commit = "b7fde06c8f7b0765e2690e2d174639f16c64dbc4"
integrity = "sha256-EKbhLD4qF8jy8NcKvcVT9i7fH/OqQamzvZWq9+MxHLM="

[skills.sentry-fix-issues]
source = "getsentry/sentry-agent-skills"
resolved_url = "https://github.com/getsentry/sentry-agent-skills.git"
resolved_path = "skills/sentry-fix-issues"
commit = "895e3e10ccc8ca0820bbf211353d4c0003bca58f"
integrity = "sha256-+61ENWSENnyIOON3R7hXnbctH6oO3nbb8ybrlfG8mbY="

[skills.sentry-pr-code-review]
source = "getsentry/sentry-agent-skills"
resolved_url = "https://github.com/getsentry/sentry-agent-skills.git"
resolved_path = "skills/sentry-pr-code-review"
commit = "895e3e10ccc8ca0820bbf211353d4c0003bca58f"
integrity = "sha256-o4SKbENEPJP6NOvqmSGrLT1bFdpkObrLYYLLtqT5Hbk="

[skills.sentry-setup-ai-monitoring]
source = "getsentry/sentry-agent-skills"
resolved_url = "https://github.com/getsentry/sentry-agent-skills.git"
resolved_path = "skills/sentry-setup-ai-monitoring"
commit = "895e3e10ccc8ca0820bbf211353d4c0003bca58f"
integrity = "sha256-ZoEJ5ugtnZLusywjVAUfwQV9Zi7sTKLBKkzrGcS/Lpg="

[skills.sentry-setup-logging]
source = "getsentry/sentry-agent-skills"
resolved_url = "https://github.com/getsentry/sentry-agent-skills.git"
resolved_path = "skills/sentry-setup-logging"
commit = "895e3e10ccc8ca0820bbf211353d4c0003bca58f"
integrity = "sha256-dVJgx3CBCwR/VXYgp1jA/LZtUUyXDm5tI1212bxnzuA="

[skills.sentry-setup-metrics]
source = "getsentry/sentry-agent-skills"
resolved_url = "https://github.com/getsentry/sentry-agent-skills.git"
resolved_path = "skills/sentry-setup-metrics"
commit = "895e3e10ccc8ca0820bbf211353d4c0003bca58f"
integrity = "sha256-ZeQ0nWHMTiH9TRPY1G/xbrKsI3GwxJrQGCe5Onv2t5c="

[skills.sentry-setup-tracing]
source = "getsentry/sentry-agent-skills"
resolved_url = "https://github.com/getsentry/sentry-agent-skills.git"
resolved_path = "skills/sentry-setup-tracing"
commit = "895e3e10ccc8ca0820bbf211353d4c0003bca58f"
integrity = "sha256-G6QOJHBkuDzlDAQQrqFJJ7K2GUlhP5N7xAUFZNdeJkw="

